
Microsoft Visual Studio Solution File, Format Version 12.00
# Visual Studio Version 17
VisualStudioVersion = 17.14.36511.14 d17.14
MinimumVisualStudioVersion = 10.0.40219.1
Project("{FAE04EC0-301F-11D3-BF4B-00C04F79EFBC}") = "starwars", "starwars\starwars.csproj", "{94090DC1-8E00-4258-AF74-85A5FCF24EDC}"
EndProject
Global
	GlobalSection(SolutionConfigurationPlatforms) = preSolution
		Debug|Any CPU = Debug|Any CPU
		Release|Any CPU = Release|Any CPU
	EndGlobalSection
	GlobalSection(ProjectConfigurationPlatforms) = postSolution
		{94090DC1-8E00-4258-AF74-85A5FCF24EDC}.Debug|Any CPU.ActiveCfg = Debug|Any CPU
		{94090DC1-8E00-4258-AF74-85A5FCF24EDC}.Debug|Any CPU.Build.0 = Debug|Any CPU
		{94090DC1-8E00-4258-AF74-85A5FCF24EDC}.Release|Any CPU.ActiveCfg = Release|Any CPU
		{94090DC1-8E00-4258-AF74-85A5FCF24EDC}.Release|Any CPU.Build.0 = Release|Any CPU
	EndGlobalSection
	GlobalSection(SolutionProperties) = preSolution
		HideSolutionNode = FALSE
	EndGlobalSection
	GlobalSection(ExtensibilityGlobals) = postSolution
		SolutionGuid = {74AF7DE7-853D-4858-AB2D-90747E38B467}
	EndGlobalSection
EndGlobal
